{
  "name": "superagi_client",
  "version": "0.0.1",
  "lockfileVersion": 3,
  "requires": true,
  "packages": {
    "": {
      "name": "superagi_client",
      "version": "0.0.1",
      "license": "MIT",
      "dependencies": {
        "axios": "^1.4.0",
        "humps": "^2.0.1"
      },
      "devDependencies": {
        "jest": "^29.5.0",
        "nock": "^13.3.3"
      }
    },
    "node_modules/@ampproject/remapping": {
      "version": "2.2.1",
      "resolved": "https://registry.npmjs.org/@ampproject/remapping/-/remapping-2.2.1.tgz",
      "integrity": "sha512-lFMjJTrFL3j7L9yBxwYfCq2k6qqwHyzuUl/XBnif78PWTJYyL/dfowQHWE3sp6U6ZzqWiiIZnpTMO96zhkjwtg==",
    